
Microsoft Visual Studio Solution File, Format Version 12.00
# Visual Studio Version 16
VisualStudioVersion = 16.0.30320.27
MinimumVisualStudioVersion = 10.0.40219.1
Project("{FAE04EC0-301F-11D3-BF4B-00C04F79EFBC}") = "Task2", "CSharp_Lesson8\Task2.csproj", "{B360F1E8-0ADE-4F77-A07D-3B15AAC018D3}"
EndProject
Project("{FAE04EC0-301F-11D3-BF4B-00C04F79EFBC}") = "Task1", "Task1\Task1.csproj", "{D3548F07-8FC0-461B-B22B-119693FE6F06}"
EndProject
Project("{FAE04EC0-301F-11D3-BF4B-00C04F79EFBC}") = "Task3", "Task3\Task3.csproj", "{DD2FC132-4586-4922-BD9E-3ECCB2757CFE}"
EndProject
Project("{FAE04EC0-301F-11D3-BF4B-00C04F79EFBC}") = "Task4", "Task4\Task4.csproj", "{92D3A1FD-8D4E-40D5-9B3E-760A0B2FBA72}"
EndProject
Project("{FAE04EC0-301F-11D3-BF4B-00C04F79EFBC}") = "Task5", "Task5\Task5.csproj", "{F1563801-F04B-4CD4-9B8E-431D1E7420A0}"
EndProject
Global
	GlobalSection(SolutionConfigurationPlatforms) = preSolution
		Debug|Any CPU = Debug|Any CPU
		Release|Any CPU = Release|Any CPU
	EndGlobalSection
	GlobalSection(ProjectConfigurationPlatforms) = postSolution
		{B360F1E8-0ADE-4F77-A07D-3B15AAC018D3}.Debug|Any CPU.ActiveCfg = Debug|Any CPU
		{B360F1E8-0ADE-4F77-A07D-3B15AAC018D3}.Debug|Any CPU.Build.0 = Debug|Any CPU
		{B360F1E8-0ADE-4F77-A07D-3B15AAC018D3}.Release|Any CPU.ActiveCfg = Release|Any CPU
		{B360F1E8-0ADE-4F77-A07D-3B15AAC018D3}.Release|Any CPU.Build.0 = Release|Any CPU
		{D3548F07-8FC0-461B-B22B-119693FE6F06}.Debug|Any CPU.ActiveCfg = Debug|Any CPU
		{D3548F07-8FC0-461B-B22B-119693FE6F06}.Debug|Any CPU.Build.0 = Debug|Any CPU
		{D3548F07-8FC0-461B-B22B-119693FE6F06}.Release|Any CPU.ActiveCfg = Release|Any CPU
		{D3548F07-8FC0-461B-B22B-119693FE6F06}.Release|Any CPU.Build.0 = Release|Any CPU
		{DD2FC132-4586-4922-BD9E-3ECCB2757CFE}.Debug|Any CPU.ActiveCfg = Debug|Any CPU
		{DD2FC132-4586-4922-BD9E-3ECCB2757CFE}.Debug|Any CPU.Build.0 = Debug|Any CPU
		{DD2FC132-4586-4922-BD9E-3ECCB2757CFE}.Release|Any CPU.ActiveCfg = Release|Any CPU
		{DD2FC132-4586-4922-BD9E-3ECCB2757CFE}.Release|Any CPU.Build.0 = Release|Any CPU
		{92D3A1FD-8D4E-40D5-9B3E-760A0B2FBA72}.Debug|Any CPU.ActiveCfg = Debug|Any CPU
		{92D3A1FD-8D4E-40D5-9B3E-760A0B2FBA72}.Debug|Any CPU.Build.0 = Debug|Any CPU
		{92D3A1FD-8D4E-40D5-9B3E-760A0B2FBA72}.Release|Any CPU.ActiveCfg = Release|Any CPU
		{92D3A1FD-8D4E-40D5-9B3E-760A0B2FBA72}.Release|Any CPU.Build.0 = Release|Any CPU
		{F1563801-F04B-4CD4-9B8E-431D1E7420A0}.Debug|Any CPU.ActiveCfg = Debug|Any CPU
		{F1563801-F04B-4CD4-9B8E-431D1E7420A0}.Debug|Any CPU.Build.0 = Debug|Any CPU
		{F1563801-F04B-4CD4-9B8E-431D1E7420A0}.Release|Any CPU.ActiveCfg = Release|Any CPU
		{F1563801-F04B-4CD4-9B8E-431D1E7420A0}.Release|Any CPU.Build.0 = Release|Any CPU
	EndGlobalSection
	GlobalSection(SolutionProperties) = preSolution
		HideSolutionNode = FALSE
	EndGlobalSection
	GlobalSection(ExtensibilityGlobals) = postSolution
		SolutionGuid = {8B840EDC-92B9-488B-8254-2C0C42A6A0BF}
	EndGlobalSection
EndGlobal
