
Microsoft Visual Studio Solution File, Format Version 12.00
# Visual Studio Version 16
VisualStudioVersion = 16.0.30320.27
MinimumVisualStudioVersion = 10.0.40219.1
Project("{FAE04EC0-301F-11D3-BF4B-00C04F79EFBC}") = "Task2", "CSharp_Lesson3\Task2.csproj", "{7C134B0F-6C9D-48A5-878C-02C215492103}"
EndProject
Project("{FAE04EC0-301F-11D3-BF4B-00C04F79EFBC}") = "Task3", "Task3\Task3.csproj", "{451E9820-92C5-4C4F-9544-18B8C7A8BE4D}"
EndProject
Global
	GlobalSection(SolutionConfigurationPlatforms) = preSolution
		Debug|Any CPU = Debug|Any CPU
		Release|Any CPU = Release|Any CPU
	EndGlobalSection
	GlobalSection(ProjectConfigurationPlatforms) = postSolution
		{7C134B0F-6C9D-48A5-878C-02C215492103}.Debug|Any CPU.ActiveCfg = Debug|Any CPU
		{7C134B0F-6C9D-48A5-878C-02C215492103}.Debug|Any CPU.Build.0 = Debug|Any CPU
		{7C134B0F-6C9D-48A5-878C-02C215492103}.Release|Any CPU.ActiveCfg = Release|Any CPU
		{7C134B0F-6C9D-48A5-878C-02C215492103}.Release|Any CPU.Build.0 = Release|Any CPU
		{451E9820-92C5-4C4F-9544-18B8C7A8BE4D}.Debug|Any CPU.ActiveCfg = Debug|Any CPU
		{451E9820-92C5-4C4F-9544-18B8C7A8BE4D}.Debug|Any CPU.Build.0 = Debug|Any CPU
		{451E9820-92C5-4C4F-9544-18B8C7A8BE4D}.Release|Any CPU.ActiveCfg = Release|Any CPU
		{451E9820-92C5-4C4F-9544-18B8C7A8BE4D}.Release|Any CPU.Build.0 = Release|Any CPU
	EndGlobalSection
	GlobalSection(SolutionProperties) = preSolution
		HideSolutionNode = FALSE
	EndGlobalSection
	GlobalSection(ExtensibilityGlobals) = postSolution
		SolutionGuid = {A7333E3E-38E0-4223-B993-060082A49B74}
	EndGlobalSection
EndGlobal
